
Microsoft Visual Studio Solution File, Format Version 12.00
# Visual Studio Version 17
VisualStudioVersion = 17.14.37012.4 d17.14
MinimumVisualStudioVersion = 10.0.40219.1
Project("{FAE04EC0-301F-11D3-BF4B-00C04F79EFBC}") = "hafta1_8", "hafta1_8\hafta1_8.csproj", "{7C16BFD4-2BC7-42F1-89B5-6D29887BF996}"
EndProject
Global
	GlobalSection(SolutionConfigurationPlatforms) = preSolution
		Debug|Any CPU = Debug|Any CPU
		Release|Any CPU = Release|Any CPU
	EndGlobalSection
	GlobalSection(ProjectConfigurationPlatforms) = postSolution
		{7C16BFD4-2BC7-42F1-89B5-6D29887BF996}.Debug|Any CPU.ActiveCfg = Debug|Any CPU
		{7C16BFD4-2BC7-42F1-89B5-6D29887BF996}.Debug|Any CPU.Build.0 = Debug|Any CPU
		{7C16BFD4-2BC7-42F1-89B5-6D29887BF996}.Release|Any CPU.ActiveCfg = Release|Any CPU
		{7C16BFD4-2BC7-42F1-89B5-6D29887BF996}.Release|Any CPU.Build.0 = Release|Any CPU
	EndGlobalSection
	GlobalSection(SolutionProperties) = preSolution
		HideSolutionNode = FALSE
	EndGlobalSection
	GlobalSection(ExtensibilityGlobals) = postSolution
		SolutionGuid = {9AAB302E-7CC1-41F0-99AE-78861B7A08B2}
	EndGlobalSection
EndGlobal
